
Microsoft Visual Studio Solution File, Format Version 12.00
# Visual Studio 15
VisualStudioVersion = 15.0.28010.2048
MinimumVisualStudioVersion = 10.0.40219.1
Project("{FAE04EC0-301F-11D3-BF4B-00C04F79EFBC}") = "ToDo", "ToDo\ToDo.csproj", "{02471288-0811-4A76-BD56-2E4073969212}"
EndProject
Global
	GlobalSection(SolutionConfigurationPlatforms) = preSolution
		Debug|Any CPU = Debug|Any CPU
		Release|Any CPU = Release|Any CPU
	EndGlobalSection
	GlobalSection(ProjectConfigurationPlatforms) = postSolution
		{02471288-0811-4A76-BD56-2E4073969212}.Debug|Any CPU.ActiveCfg = Debug|Any CPU
		{02471288-0811-4A76-BD56-2E4073969212}.Debug|Any CPU.Build.0 = Debug|Any CPU
		{02471288-0811-4A76-BD56-2E4073969212}.Release|Any CPU.ActiveCfg = Release|Any CPU
		{02471288-0811-4A76-BD56-2E4073969212}.Release|Any CPU.Build.0 = Release|Any CPU
	EndGlobalSection
	GlobalSection(SolutionProperties) = preSolution
		HideSolutionNode = FALSE
	EndGlobalSection
	GlobalSection(ExtensibilityGlobals) = postSolution
		SolutionGuid = {0114D463-B59E-48EB-9F06-495C3790CED3}
	EndGlobalSection
EndGlobal
